
Microsoft Visual Studio Solution File, Format Version 12.00
# Visual Studio Version 17
VisualStudioVersion = 17.6.33815.320
MinimumVisualStudioVersion = 10.0.40219.1
Project("{FAE04EC0-301F-11D3-BF4B-00C04F79EFBC}") = "cherry_P20QE5", "cherry_P20QE5.csproj", "{272598EC-3C4D-4DDF-A113-FD22A0CB578F}"
EndProject
Project("{FAE04EC0-301F-11D3-BF4B-00C04F79EFBC}") = "WinFormsApp1", "..\WinFormsApp1\WinFormsApp1.csproj", "{3EE02C1A-004B-47F8-A0D7-D1EE3AE9CAFE}"
EndProject
Global
	GlobalSection(SolutionConfigurationPlatforms) = preSolution
		Debug|Any CPU = Debug|Any CPU
		Release|Any CPU = Release|Any CPU
	EndGlobalSection
	GlobalSection(ProjectConfigurationPlatforms) = postSolution
		{272598EC-3C4D-4DDF-A113-FD22A0CB578F}.Debug|Any CPU.ActiveCfg = Debug|Any CPU
		{272598EC-3C4D-4DDF-A113-FD22A0CB578F}.Debug|Any CPU.Build.0 = Debug|Any CPU
		{272598EC-3C4D-4DDF-A113-FD22A0CB578F}.Release|Any CPU.ActiveCfg = Release|Any CPU
		{272598EC-3C4D-4DDF-A113-FD22A0CB578F}.Release|Any CPU.Build.0 = Release|Any CPU
		{3EE02C1A-004B-47F8-A0D7-D1EE3AE9CAFE}.Debug|Any CPU.ActiveCfg = Debug|Any CPU
		{3EE02C1A-004B-47F8-A0D7-D1EE3AE9CAFE}.Debug|Any CPU.Build.0 = Debug|Any CPU
		{3EE02C1A-004B-47F8-A0D7-D1EE3AE9CAFE}.Release|Any CPU.ActiveCfg = Release|Any CPU
		{3EE02C1A-004B-47F8-A0D7-D1EE3AE9CAFE}.Release|Any CPU.Build.0 = Release|Any CPU
	EndGlobalSection
	GlobalSection(SolutionProperties) = preSolution
		HideSolutionNode = FALSE
	EndGlobalSection
	GlobalSection(ExtensibilityGlobals) = postSolution
		SolutionGuid = {644C3B98-36A4-4340-A303-3FBBB96F0FEC}
	EndGlobalSection
EndGlobal
